
Microsoft Visual Studio Solution File, Format Version 12.00
# Visual Studio Version 17
VisualStudioVersion = 17.5.33424.131
MinimumVisualStudioVersion = 10.0.40219.1
Project("{FAE04EC0-301F-11D3-BF4B-00C04F79EFBC}") = "WinFormsApp1", "WinFormsApp1.csproj", "{BF6F4916-367E-45BA-A07A-823E02309D3B}"
EndProject
Project("{9A19103F-16F7-4668-BE54-9A1E7A4F7556}") = "shop", "..\shop\shop.csproj", "{9E4DBB04-011E-4CA7-9711-D0BFAD38DB5E}"
EndProject
Global
	GlobalSection(SolutionConfigurationPlatforms) = preSolution
		Debug|Any CPU = Debug|Any CPU
		Release|Any CPU = Release|Any CPU
	EndGlobalSection
	GlobalSection(ProjectConfigurationPlatforms) = postSolution
		{BF6F4916-367E-45BA-A07A-823E02309D3B}.Debug|Any CPU.ActiveCfg = Debug|Any CPU
		{BF6F4916-367E-45BA-A07A-823E02309D3B}.Debug|Any CPU.Build.0 = Debug|Any CPU
		{BF6F4916-367E-45BA-A07A-823E02309D3B}.Release|Any CPU.ActiveCfg = Release|Any CPU
		{BF6F4916-367E-45BA-A07A-823E02309D3B}.Release|Any CPU.Build.0 = Release|Any CPU
		{9E4DBB04-011E-4CA7-9711-D0BFAD38DB5E}.Debug|Any CPU.ActiveCfg = Debug|Any CPU
		{9E4DBB04-011E-4CA7-9711-D0BFAD38DB5E}.Debug|Any CPU.Build.0 = Debug|Any CPU
		{9E4DBB04-011E-4CA7-9711-D0BFAD38DB5E}.Release|Any CPU.ActiveCfg = Release|Any CPU
		{9E4DBB04-011E-4CA7-9711-D0BFAD38DB5E}.Release|Any CPU.Build.0 = Release|Any CPU
	EndGlobalSection
	GlobalSection(SolutionProperties) = preSolution
		HideSolutionNode = FALSE
	EndGlobalSection
	GlobalSection(ExtensibilityGlobals) = postSolution
		SolutionGuid = {5E5FE2A2-39A0-4138-9E77-08787DE783DC}
	EndGlobalSection
EndGlobal
