
Microsoft Visual Studio Solution File, Format Version 12.00
# Visual Studio Version 17
VisualStudioVersion = 17.5.33424.131
MinimumVisualStudioVersion = 10.0.40219.1
Project("{9A19103F-16F7-4668-BE54-9A1E7A4F7556}") = "shop", "shop.csproj", "{44A4FFC8-8BEF-494C-8896-206D92D10375}"
EndProject
Project("{FAE04EC0-301F-11D3-BF4B-00C04F79EFBC}") = "UnitTestProject1", "..\UnitTestProject1\UnitTestProject1.csproj", "{60D2C31B-D5BF-4F6E-A4DA-617E1D51552C}"
EndProject
Global
	GlobalSection(SolutionConfigurationPlatforms) = preSolution
		Debug|Any CPU = Debug|Any CPU
		Release|Any CPU = Release|Any CPU
	EndGlobalSection
	GlobalSection(ProjectConfigurationPlatforms) = postSolution
		{44A4FFC8-8BEF-494C-8896-206D92D10375}.Debug|Any CPU.ActiveCfg = Debug|Any CPU
		{44A4FFC8-8BEF-494C-8896-206D92D10375}.Debug|Any CPU.Build.0 = Debug|Any CPU
		{44A4FFC8-8BEF-494C-8896-206D92D10375}.Release|Any CPU.ActiveCfg = Release|Any CPU
		{44A4FFC8-8BEF-494C-8896-206D92D10375}.Release|Any CPU.Build.0 = Release|Any CPU
		{60D2C31B-D5BF-4F6E-A4DA-617E1D51552C}.Debug|Any CPU.ActiveCfg = Debug|Any CPU
		{60D2C31B-D5BF-4F6E-A4DA-617E1D51552C}.Debug|Any CPU.Build.0 = Debug|Any CPU
		{60D2C31B-D5BF-4F6E-A4DA-617E1D51552C}.Release|Any CPU.ActiveCfg = Release|Any CPU
		{60D2C31B-D5BF-4F6E-A4DA-617E1D51552C}.Release|Any CPU.Build.0 = Release|Any CPU
	EndGlobalSection
	GlobalSection(SolutionProperties) = preSolution
		HideSolutionNode = FALSE
	EndGlobalSection
	GlobalSection(ExtensibilityGlobals) = postSolution
		SolutionGuid = {52EC5C37-81D3-4301-B06B-DAB2DC45B877}
	EndGlobalSection
EndGlobal
