
Microsoft Visual Studio Solution File, Format Version 12.00
# Visual Studio Version 17
VisualStudioVersion = 17.5.33424.131
MinimumVisualStudioVersion = 10.0.40219.1
Project("{FAE04EC0-301F-11D3-BF4B-00C04F79EFBC}") = "project1", "project1.csproj", "{58D65A03-0746-411C-90A4-3B944D3EE916}"
EndProject
Project("{FAE04EC0-301F-11D3-BF4B-00C04F79EFBC}") = "project2", "..\project2\project2.csproj", "{1776046B-3A38-4535-8091-1EFF5D5539D6}"
EndProject
Global
	GlobalSection(SolutionConfigurationPlatforms) = preSolution
		Debug|Any CPU = Debug|Any CPU
		Release|Any CPU = Release|Any CPU
	EndGlobalSection
	GlobalSection(ProjectConfigurationPlatforms) = postSolution
		{58D65A03-0746-411C-90A4-3B944D3EE916}.Debug|Any CPU.ActiveCfg = Debug|Any CPU
		{58D65A03-0746-411C-90A4-3B944D3EE916}.Debug|Any CPU.Build.0 = Debug|Any CPU
		{58D65A03-0746-411C-90A4-3B944D3EE916}.Release|Any CPU.ActiveCfg = Release|Any CPU
		{58D65A03-0746-411C-90A4-3B944D3EE916}.Release|Any CPU.Build.0 = Release|Any CPU
		{1776046B-3A38-4535-8091-1EFF5D5539D6}.Debug|Any CPU.ActiveCfg = Debug|Any CPU
		{1776046B-3A38-4535-8091-1EFF5D5539D6}.Debug|Any CPU.Build.0 = Debug|Any CPU
		{1776046B-3A38-4535-8091-1EFF5D5539D6}.Release|Any CPU.ActiveCfg = Release|Any CPU
		{1776046B-3A38-4535-8091-1EFF5D5539D6}.Release|Any CPU.Build.0 = Release|Any CPU
	EndGlobalSection
	GlobalSection(SolutionProperties) = preSolution
		HideSolutionNode = FALSE
	EndGlobalSection
	GlobalSection(ExtensibilityGlobals) = postSolution
		SolutionGuid = {F6515090-4B3C-447D-B2F5-F697AC19E894}
	EndGlobalSection
EndGlobal
